
Microsoft Visual Studio Solution File, Format Version 12.00
# Visual Studio Version 17
VisualStudioVersion = 17.4.33110.190
MinimumVisualStudioVersion = 10.0.40219.1
Project("{FAE04EC0-301F-11D3-BF4B-00C04F79EFBC}") = "EstacionamentoAPI", "EstacionamentoAPI\EstacionamentoAPI.csproj", "{329FEFE3-B681-4DEA-808B-BB04324FB933}"
EndProject
Global
	GlobalSection(SolutionConfigurationPlatforms) = preSolution
		Debug|Any CPU = Debug|Any CPU
		Release|Any CPU = Release|Any CPU
	EndGlobalSection
	GlobalSection(ProjectConfigurationPlatforms) = postSolution
		{329FEFE3-B681-4DEA-808B-BB04324FB933}.Debug|Any CPU.ActiveCfg = Debug|Any CPU
		{329FEFE3-B681-4DEA-808B-BB04324FB933}.Debug|Any CPU.Build.0 = Debug|Any CPU
		{329FEFE3-B681-4DEA-808B-BB04324FB933}.Release|Any CPU.ActiveCfg = Release|Any CPU
		{329FEFE3-B681-4DEA-808B-BB04324FB933}.Release|Any CPU.Build.0 = Release|Any CPU
	EndGlobalSection
	GlobalSection(SolutionProperties) = preSolution
		HideSolutionNode = FALSE
	EndGlobalSection
	GlobalSection(ExtensibilityGlobals) = postSolution
		SolutionGuid = {746E2C66-B96D-4AA8-AA77-16C96CB0D29C}
	EndGlobalSection
EndGlobal
